
Microsoft Visual Studio Solution File, Format Version 12.00
Project("{FAE04EC0-301F-11D3-BF4B-00C04F79EFBC}") = "keyboardHeatMap", "keyboardHeatMap\keyboardHeatMap.csproj", "{762A59BA-8351-4F60-A28D-6E4943A7A183}"
EndProject
Global
	GlobalSection(SolutionConfigurationPlatforms) = preSolution
		Debug|Any CPU = Debug|Any CPU
		Release|Any CPU = Release|Any CPU
	EndGlobalSection
	GlobalSection(ProjectConfigurationPlatforms) = postSolution
		{762A59BA-8351-4F60-A28D-6E4943A7A183}.Debug|Any CPU.ActiveCfg = Debug|Any CPU
		{762A59BA-8351-4F60-A28D-6E4943A7A183}.Debug|Any CPU.Build.0 = Debug|Any CPU
		{762A59BA-8351-4F60-A28D-6E4943A7A183}.Release|Any CPU.ActiveCfg = Release|Any CPU
		{762A59BA-8351-4F60-A28D-6E4943A7A183}.Release|Any CPU.Build.0 = Release|Any CPU
	EndGlobalSection
EndGlobal
